version = 1
revision = 3
requires-python = ">=3.11, <4.0"

[[package]]
name = "anyio"
version = "4.14.2"
source = { registry = "https://pypi.org/simple" }
dependencies = [
    { name = "idna" },
    { name = "typing-extensions", marker = "python_full_version < '3.13'" },
]
sdist = { url = "https://files.pythonhosted.org/packages/61/cc/a381afa6efea9f496eff839d4a6a1aed3bfafc7b3ab4b0d1b243a12573dd/anyio-4.14.2.tar.gz", hash = "sha256:cfa139f3ed1a23ee8f88a145ddb5ac7605b8bbfd8592baacd7ce3d8bb4313c7f", size = 260176, upload-time = "2026-07-12T20:29:07.082Z" }
wheels = [
    { url = "https://files.pythonhosted.org/packages/da/35/f2287558c17e29fafc8ef3daf819bb9834061cfa43bff8014f7df7f63bdc/anyio-4.14.2-py3-none-any.whl", hash = "sha256:9f505dda5ac9f0c8309b5e8bd445a8c2bf7246f3ce950121e45ea15bc41d1494", size = 125813, upload-time = "2026-07-12T20:29:05.763Z" },
]

[[package]]
name = "cachetools"
version = "5.5.2"
source = { registry = "https://pypi.org/simple" }
sdist = { url = "https://files.pythonhosted.org/packages/6c/81/3747dad6b14fa2cf53fcf10548cf5aea6913e96fab41a3c198676f8948a5/cachetools-5.5.2.tar.gz", hash = "sha256:1a661caa9175d26759571b2e19580f9d6393969e5dfca11fdb1f947a23e640d4", size = 28380, upload-time = "2025-02-20T21:01:19.524Z" }
wheels = [
    { url = "https://files.pythonhosted.org/packages/72/76/20fa66124dbe6be5cafeb312ece67de6b61dd91a0247d1ea13db4ebb33c2/cachetools-5.5.2-py3-none-any.whl", hash = "sha256:d26a22bcc62eb95c3beabd9f1ee5e820d3d2704fe2967cbe350e20c8ffcd3f0a", size = 10080, upload-time = "2025-02-20T21:01:16.647Z" },
]

[[package]]
name = "certifi"
version = "2026.7.22"
source = { registry = "https://pypi.org/simple" }
sdist = { url = "https://files.pythonhosted.org/packages/a3/c2/24167ea9858356b47a87a50d39908bfdb72ceeefe0041586e704e5376b3a/certifi-2026.7.22.tar.gz", hash = "sha256:741e2c3b351ddf169a738da9f2c048608ff7f2c5cc02f1ebc6b118bb090d5d55", size = 138112, upload-time = "2026-07-22T03:35:12.644Z" }
wheels = [
    { url = "https://files.pythonhosted.org/packages/0b/a7/71ac2cff56fec219ed242bb11b8efb69fcc4bec75db06fb7bfe35de520e6/certifi-2026.7.22-py3-none-any.whl", hash = "sha256:62f22742b58a1a33014a2b6b706588a8d7e2a88ae7bd1a6ebe8c992928483775", size = 136983, upload-time = "2026-07-22T03:35:11.276Z" },
]

[[package]]
name = "colorama"
version = "0.4.6"
source = { registry = "https://pypi.org/simple" }
sdist = { url = "https://files.pythonhosted.org/packages/d8/53/6f443c9a4a8358a93a6792e2acffb9d9d5cb0a5cfd8802644b7b1c9a02e4/colorama-0.4.6.tar.gz", hash = "sha256:08695f5cb7ed6e0531a20572697297273c47b8cae5a63ffc6d6ed5c201be6e44", size = 27697, upload-time = "2022-10-25T02:36:22.414Z" }
wheels = [
    { url = "https://files.pythonhosted.org/packages/d1/d6/3965ed04c63042e047cb6a3e6ed1a63a35087b6a609aa3a15ed8ac56c221/colorama-0.4.6-py2.py3-none-any.whl", hash = "sha256:4f1d9991f5acc0ca119f9d443620b77f9d6b33703e51011c16baf57afb285fc6", size = 25335, upload-time = "2022-10-25T02:36:20.889Z" },
]

[[package]]
name = "h11"
version = "0.16.0"
source = { registry = "https://pypi.org/simple" }
sdist = { url = "https://files.pythonhosted.org/packages/01/ee/02a2c011bdab74c6fb3c75474d40b3052059d95df7e73351460c8588d963/h11-0.16.0.tar.gz", hash = "sha256:4e35b956cf45792e4caa5885e69fba00bdbc6ffafbfa020300e549b208ee5ff1", size = 101250, upload-time = "2025-04-24T03:35:25.427Z" }
wheels = [
    { url = "https://files.pythonhosted.org/packages/04/4b/29cac41a4d98d144bf5f6d33995617b185d14b22401f75ca86f384e87ff1/h11-0.16.0-py3-none-any.whl", hash = "sha256:63cf8bbe7522de3bf65932fda1d9c2772064ffb3dae62d55932da54b31cb6c86", size = 37515, upload-time = "2025-04-24T03:35:24.344Z" },
]

[[package]]
name = "httpcore"
version = "1.0.9"
source = { registry = "https://pypi.org/simple" }
dependencies = [
    { name = "certifi" },
    { name = "h11" },
]
sdist = { url = "https://files.pythonhosted.org/packages/06/94/82699a10bca87a5556c9c59b5963f2d039dbd239f25bc2a63907a05a14cb/httpcore-1.0.9.tar.gz", hash = "sha256:6e34463af53fd2ab5d807f399a9b45ea31c3dfa2276f15a2c3f00afff6e176e8", size = 85484, upload-time = "2025-04-24T22:06:22.219Z" }
wheels = [
    { url = "https://files.pythonhosted.org/packages/7e/f5/f66802a942d491edb555dd61e3a9961140fd64c90bce1eafd741609d334d/httpcore-1.0.9-py3-none-any.whl", hash = "sha256:2d400746a40668fc9dec9810239072b40b4484b640a8c38fd654a024c7a1bf55", size = 78784, upload-time = "2025-04-24T22:06:20.566Z" },
]

[[package]]
name = "httpx"
version = "0.28.1"
source = { registry = "https://pypi.org/simple" }
dependencies = [
    { name = "anyio" },
    { name = "certifi" },
    { name = "httpcore" },
    { name = "idna" },
]
sdist = { url = "https://files.pythonhosted.org/packages/b1/df/48c586a5fe32a0f01324ee087459e112ebb7224f646c0b5023f5e79e9956/httpx-0.28.1.tar.gz", hash = "sha256:75e98c5f16b0f35b567856f597f06ff2270a374470a5c2392242528e3e3e42fc", size = 141406, upload-time = "2024-12-06T15:37:23.222Z" }
wheels = [
    { url = "https://files.pythonhosted.org/packages/2a/39/e50c7c3a983047577ee07d2a9e53faf5a69493943ec3f6a384bdc792deb2/httpx-0.28.1-py3-none-any.whl", hash = "sha256:d909fcccc110f8c7faf814ca82a9a4d816bc5a6dbfea25d6591d6985b8ba59ad", size = 73517, upload-time = "2024-12-06T15:37:21.509Z" },
]

[[package]]
name = "idna"
version = "3.18"
source = { registry = "https://pypi.org/simple" }
sdist = { url = "https://files.pythonhosted.org/packages/cd/63/9496c57188a2ee585e0f1db071d75089a11e98aa86eb99d9d7618fc1edce/idna-3.18.tar.gz", hash = "sha256:ffb385a7e039654cef1ab9ef32c6fafe283c0c0467bba1d9029738ce4a14a848", size = 196711, upload-time = "2026-06-02T14:34:07.794Z" }
wheels = [
    { url = "https://files.pythonhosted.org/packages/1e/5e/d4e9f1a599fb8e573b7b87160658329fbf28d19eac2718f51fc3def3aa5a/idna-3.18-py3-none-any.whl", hash = "sha256:7f952cbe720b688055e3f87de14f5c3e5fdaa8bc3928985c4077ca689de849a2", size = 65455, upload-time = "2026-06-02T14:34:06.319Z" },
]

[[package]]
name = "iniconfig"
version = "2.3.0"
source = { registry = "https://pypi.org/simple" }
sdist = { url = "https://files.pythonhosted.org/packages/72/34/14ca021ce8e5dfedc35312d08ba8bf51fdd999c576889fc2c24cb97f4f10/iniconfig-2.3.0.tar.gz", hash = "sha256:c76315c77db068650d49c5b56314774a7804df16fee4402c1f19d6d15d8c4730", size = 20503, upload-time = "2025-10-18T21:55:43.219Z" }
wheels = [
    { url = "https://files.pythonhosted.org/packages/cb/b1/3846dd7f199d53cb17f49cba7e651e9ce294d8497c8c150530ed11865bb8/iniconfig-2.3.0-py3-none-any.whl", hash = "sha256:f631c04d2c48c52b84d0d0549c99ff3859c98df65b3101406327ecc7d53fbf12", size = 7484, upload-time = "2025-10-18T21:55:41.639Z" },
]

[[package]]
name = "nodeenv"
version = "1.10.0"
source = { registry = "https://pypi.org/simple" }
sdist = { url = "https://files.pythonhosted.org/packages/24/bf/d1bda4f6168e0b2e9e5958945e01910052158313224ada5ce1fb2e1113b8/nodeenv-1.10.0.tar.gz", hash = "sha256:996c191ad80897d076bdfba80a41994c2b47c68e224c542b48feba42ba00f8bb", size = 55611, upload-time = "2025-12-20T14:08:54.006Z" }
wheels = [
    { url = "https://files.pythonhosted.org/packages/88/b2/d0896bdcdc8d28a7fc5717c305f1a861c26e18c05047949fb371034d98bd/nodeenv-1.10.0-py2.py3-none-any.whl", hash = "sha256:5bb13e3eed2923615535339b3c620e76779af4cb4c6a90deccc9e36b274d3827", size = 23438, upload-time = "2025-12-20T14:08:52.782Z" },
]

[[package]]
name = "packaging"
version = "26.2"
source = { registry = "https://pypi.org/simple" }
sdist = { url = "https://files.pythonhosted.org/packages/d7/f1/e7a6dd94a8d4a5626c03e4e99c87f241ba9e350cd9e6d75123f992427270/packaging-26.2.tar.gz", hash = "sha256:ff452ff5a3e828ce110190feff1178bb1f2ea2281fa2075aadb987c2fb221661", size = 228134, upload-time = "2026-04-24T20:15:23.917Z" }
wheels = [
    { url = "https://files.pythonhosted.org/packages/df/b2/87e62e8c3e2f4b32e5fe99e0b86d576da1312593b39f47d8ceef365e95ed/packaging-26.2-py3-none-any.whl", hash = "sha256:5fc45236b9446107ff2415ce77c807cee2862cb6fac22b8a73826d0693b0980e", size = 100195, upload-time = "2026-04-24T20:15:22.081Z" },
]

[[package]]
name = "pluggy"
version = "1.6.0"
source = { registry = "https://pypi.org/simple" }
sdist = { url = "https://files.pythonhosted.org/packages/f9/e2/3e91f31a7d2b083fe6ef3fa267035b518369d9511ffab804f839851d2779/pluggy-1.6.0.tar.gz", hash = "sha256:7dcc130b76258d33b90f61b658791dede3486c3e6bfb003ee5c9bfb396dd22f3", size = 69412, upload-time = "2025-05-15T12:30:07.975Z" }
wheels = [
    { url = "https://files.pythonhosted.org/packages/54/20/4d324d65cc6d9205fabedc306948156824eb9f0ee1633355a8f7ec5c66bf/pluggy-1.6.0-py3-none-any.whl", hash = "sha256:e920276dd6813095e9377c0bc5566d94c932c33b27a3e3945d8389c374dd4746", size = 20538, upload-time = "2025-05-15T12:30:06.134Z" },
]

[[package]]
name = "prometheus-client"
version = "0.25.0"
source = { registry = "https://pypi.org/simple" }
sdist = { url = "https://files.pythonhosted.org/packages/1b/fb/d9aa83ffe43ce1f19e557c0971d04b90561b0cfd50762aafb01968285553/prometheus_client-0.25.0.tar.gz", hash = "sha256:5e373b75c31afb3c86f1a52fa1ad470c9aace18082d39ec0d2f918d11cc9ba28", size = 86035, upload-time = "2026-04-09T19:53:42.359Z" }
wheels = [
    { url = "https://files.pythonhosted.org/packages/8d/9b/d4b1e644385499c8346fa9b622a3f030dce14cd6ef8a1871c221a17a67e7/prometheus_client-0.25.0-py3-none-any.whl", hash = "sha256:d5aec89e349a6ec230805d0df882f3807f74fd6c1a2fa86864e3c2279059fed1", size = 64154, upload-time = "2026-04-09T19:53:41.324Z" },
]

[[package]]
name = "pygments"
version = "2.20.0"
source = { registry = "https://pypi.org/simple" }
sdist = { url = "https://files.pythonhosted.org/packages/c3/b2/bc9c9196916376152d655522fdcebac55e66de6603a76a02bca1b6414f6c/pygments-2.20.0.tar.gz", hash = "sha256:6757cd03768053ff99f3039c1a36d6c0aa0b263438fcab17520b30a303a82b5f", size = 4955991, upload-time = "2026-03-29T13:29:33.898Z" }
wheels = [
    { url = "https://files.pythonhosted.org/packages/f4/7e/a72dd26f3b0f4f2bf1dd8923c85f7ceb43172af56d63c7383eb62b332364/pygments-2.20.0-py3-none-any.whl", hash = "sha256:81a9e26dd42fd28a23a2d169d86d7ac03b46e2f8b59ed4698fb4785f946d0176", size = 1231151, upload-time = "2026-03-29T13:29:30.038Z" },
]

[[package]]
name = "pyright"
version = "1.1.411"
source = { registry = "https://pypi.org/simple" }
dependencies = [
    { name = "nodeenv" },
    { name = "typing-extensions" },
]
sdist = { url = "https://files.pythonhosted.org/packages/7e/ab/265f7dc69d28113ebba19092e57b075f41543b2ed048429c5f56e2b88eac/pyright-1.1.411.tar.gz", hash = "sha256:d885a0551f2e763b089a02702174e7f4ba77548cddabc972ab86d1f7f1b0f998", size = 4112861, upload-time = "2026-06-25T02:14:06.37Z" }
wheels = [
    { url = "https://files.pythonhosted.org/packages/0a/49/385be530a6a5b78d1cbcd5c2e38debc8959a2fc6bdb716f4e581002979fc/pyright-1.1.411-py3-none-any.whl", hash = "sha256:dc7c72a8e2700c55baa127554040e067041ea53ccfd50bf96308cc4291c7d5d9", size = 6181526, upload-time = "2026-06-25T02:14:04.691Z" },
]

[[package]]
name = "pytest"
version = "9.1.1"
source = { registry = "https://pypi.org/simple" }
dependencies = [
    { name = "colorama", marker = "sys_platform == 'win32'" },
    { name = "iniconfig" },
    { name = "packaging" },
    { name = "pluggy" },
    { name = "pygments" },
]
sdist = { url = "https://files.pythonhosted.org/packages/e4/47/b9efed96c114afcfa3c9d3fe98a76a1d14c74a9e266d397cf6eb64be5e01/pytest-9.1.1.tar.gz", hash = "sha256:1088fbde8f2b49d95a549a195707afa7a76a3ce9bcadc26b6d71f0ffda5fe313", size = 1636369, upload-time = "2026-06-19T10:58:32.857Z" }
wheels = [
    { url = "https://files.pythonhosted.org/packages/24/25/1de2678b631f5a49215c6c96fff41ba892b0a34df68d6d80292b1b48aa7f/pytest-9.1.1-py3-none-any.whl", hash = "sha256:37a86b45efb9a47a61a36449063e8e18d0cab3161329fc099eb21783169c4f0c", size = 386536, upload-time = "2026-06-19T10:58:31.347Z" },
]

[[package]]
name = "pytest-env"
version = "1.7.0"
source = { registry = "https://pypi.org/simple" }
dependencies = [
    { name = "pytest" },
    { name = "python-dotenv" },
]
sdist = { url = "https://files.pythonhosted.org/packages/65/49/08ee056f9cc655e437abcf2ae399884844b623223476ae6a77244131db03/pytest_env-1.7.0.tar.gz", hash = "sha256:0c1dc1101fb8d3ab3611e8f8d657ba06c3c0c167fc85c90457e5b27f2508f43e", size = 16408, upload-time = "2026-07-21T13:09:21.834Z" }
wheels = [
    { url = "https://files.pythonhosted.org/packages/3e/fc/9f2975c41d41bf5bd9a7d0fc03085ec20052b456b079df53828ae4a1b100/pytest_env-1.7.0-py3-none-any.whl", hash = "sha256:9ee0f1fe859d23fcdb533fe2909a404b3b133d02674a56df275bbe4df4eb104b", size = 10263, upload-time = "2026-07-21T13:09:20.677Z" },
]

[[package]]
name = "python-dotenv"
version = "1.2.2"
source = { registry = "https://pypi.org/simple" }
sdist = { url = "https://files.pythonhosted.org/packages/82/ed/0301aeeac3e5353ef3d94b6ec08bbcabd04a72018415dcb29e588514bba8/python_dotenv-1.2.2.tar.gz", hash = "sha256:2c371a91fbd7ba082c2c1dc1f8bf89ca22564a087c2c287cd9b662adde799cf3", size = 50135, upload-time = "2026-03-01T16:00:26.196Z" }
wheels = [
    { url = "https://files.pythonhosted.org/packages/0b/d7/1959b9648791274998a9c3526f6d0ec8fd2233e4d4acce81bbae76b44b2a/python_dotenv-1.2.2-py3-none-any.whl", hash = "sha256:1d8214789a24de455a8b8bd8ae6fe3c6b69a5e3d64aa8a8e5d68e694bbcb285a", size = 22101, upload-time = "2026-03-01T16:00:25.09Z" },
]

[[package]]
name = "ruff"
version = "0.15.22"
source = { registry = "https://pypi.org/simple" }
sdist = { url = "https://files.pythonhosted.org/packages/3a/06/ae069393fc66e8ff33036d4b368003833bf6e88ccf182e17e7a2f1c754fd/ruff-0.15.22.tar.gz", hash = "sha256:3f15175b1fb580126f58285a5dae6b2ea89000136d980c64499211f116b54809", size = 4785063, upload-time = "2026-07-16T15:14:13.244Z" }
wheels = [
    { url = "https://files.pythonhosted.org/packages/23/18/ee54b7ae1e121be7a28ea6da4b67564ebb0530e183a54415ab7e3bcd2c4e/ruff-0.15.22-py3-none-linux_armv6l.whl", hash = "sha256:44423e73493737f5e7c5b41d475483898ff37afcdae38bc3da5085e29af1c2d8", size = 10781258, upload-time = "2026-07-16T15:13:19.452Z" },
    { url = "https://files.pythonhosted.org/packages/2f/d2/2520cb14761ddbeaf57642a76942fc36adcbdbe53b4532241995f6fc485c/ruff-0.15.22-py3-none-macosx_10_12_x86_64.whl", hash = "sha256:b82c6482946e9eda7ff2e091d25b8bad3f718684e1916d41bd56873cee05b697", size = 10999477, upload-time = "2026-07-16T15:13:23.318Z" },
    { url = "https://files.pythonhosted.org/packages/c9/10/74e53572aa758dfaa678c2a2646b5c5515d884b7ca56be4d2ce03ca4b560/ruff-0.15.22-py3-none-macosx_11_0_arm64.whl", hash = "sha256:11c1c715af53a09f714e011106bffc419751ec8232fcb5da42173284ea3fec6f", size = 10466716, upload-time = "2026-07-16T15:13:26.162Z" },
    { url = "https://files.pythonhosted.org/packages/1e/cc/44eaaf0844e028182f2d0a8f2190d0f359159aed0a9e5ab861d892f1ae2a/ruff-0.15.22-py3-none-manylinux_2_17_aarch64.manylinux2014_aarch64.whl", hash = "sha256:742a29cf29bddb7c8327895d6a10e0e6c5b38a96dd407af9b5d0857f809c0576", size = 10892644, upload-time = "2026-07-16T15:13:29.229Z" },
    { url = "https://files.pythonhosted.org/packages/9f/21/8edf559014d2b0f82beea19cfb713993ad802ccda16868769979c6090a84/ruff-0.15.22-py3-none-manylinux_2_17_armv7l.manylinux2014_armv7l.whl", hash = "sha256:72af58b951b0ae395935ae79763dc349bc0eb706319d28f7a33ad2cfb3cfc178", size = 10576719, upload-time = "2026-07-16T15:13:32.35Z" },
    { url = "https://files.pythonhosted.org/packages/bf/1e/3a13abd392a3b50b62e5938a831f9ab6e588358cacad5c18545b716d2182/ruff-0.15.22-py3-none-manylinux_2_17_i686.manylinux2014_i686.whl", hash = "sha256:62d425005c1835eb24e2ee4161cb90e8db263415f4a71c8c72c33abaa6c0c224", size = 11376494, upload-time = "2026-07-16T15:13:35.958Z" },
    { url = "https://files.pythonhosted.org/packages/bf/3e/422d3d95bcf04dd78e1aeac22184d4f9a8fb2c01865d39d44618484a0317/ruff-0.15.22-py3-none-manylinux_2_17_ppc64le.manylinux2014_ppc64le.whl", hash = "sha256:e8b9b3f8779a4f08c969defc3c8c35abffaa757e601ed5ae66d6d1db6519969a", size = 12208370, upload-time = "2026-07-16T15:13:39.185Z" },
    { url = "https://files.pythonhosted.org/packages/1e/91/5d065a0e0a02bf4813f5119ad278462eed081d2b832eb7c021ade0ec9e65/ruff-0.15.22-py3-none-manylinux_2_17_s390x.manylinux2014_s390x.whl", hash = "sha256:1e0dd1b2e4d3d585f897a0d137cbf4eaf6223bef4e8ce34d6bb12556c5f9249e", size = 11581098, upload-time = "2026-07-16T15:13:42.132Z" },
    { url = "https://files.pythonhosted.org/packages/f6/f9/a0d4871d12fae702eb1f41b686caf05f1f8b124dc6db6f784f53d74918fa/ruff-0.15.22-py3-none-manylinux_2_17_x86_64.manylinux2014_x86_64.whl", hash = "sha256:365523eb91d9224e1bcb03b022fbf0facb8f9e23792a2c53d9d4b3924bdbdebb", size = 11399422, upload-time = "2026-07-16T15:13:45.2Z" },
    { url = "https://files.pythonhosted.org/packages/18/80/c843a5176cddbceb0b7e8dd41cf9993490796c1c469348d384f5a5c13c56/ruff-0.15.22-py3-none-manylinux_2_31_riscv64.whl", hash = "sha256:fabfd168afdf29fee5be98b831efa9683c94d7c5a3b58b9ce5a2e38444589a74", size = 11381683, upload-time = "2026-07-16T15:13:48.46Z" },
    { url = "https://files.pythonhosted.org/packages/d4/00/8485de0ae92239438a36cfc51350db9b9e85c9ebdfaea91b18e422706662/ruff-0.15.22-py3-none-musllinux_1_2_aarch64.whl", hash = "sha256:225dbf095a87f1d9f90f5fd7924d2613ee452a75a4308c63a8f50f761787aa7c", size = 10850295, upload-time = "2026-07-16T15:13:51.655Z" },
    { url = "https://files.pythonhosted.org/packages/fa/91/24977ec2ec72eaf15e4394ace2959fdff2dd1e14f03e005e838023407169/ruff-0.15.22-py3-none-musllinux_1_2_armv7l.whl", hash = "sha256:1877d63b9d24ed278744f1523fd11b85540566d54641f97c566d7d9dc5ca5296", size = 10579640, upload-time = "2026-07-16T15:13:54.79Z" },
    { url = "https://files.pythonhosted.org/packages/9c/47/9b51216951974df1f263ac19da550d34252e0ed7218c25f10c5ef9ed7517/ruff-0.15.22-py3-none-musllinux_1_2_i686.whl", hash = "sha256:a1606c510bd7215680d32efab38965f7cdec3ef69f5170a3f4791404ffdd5262", size = 11105077, upload-time = "2026-07-16T15:13:57.915Z" },
    { url = "https://files.pythonhosted.org/packages/c2/47/20e9d4a3b8016778acea5fc32bb50d35d207500a17ddb529ffa6996feef8/ruff-0.15.22-py3-none-musllinux_1_2_x86_64.whl", hash = "sha256:630479b18625f5ffc373f77603a22a9f8ac0acd7ff0501178b5db28ec71e9c64", size = 11490980, upload-time = "2026-07-16T15:14:01.032Z" },
    { url = "https://files.pythonhosted.org/packages/4d/76/3f72d8fc38c1cb77b38c56a70da9d0c17700cc1cc50f9649c9d3c8f5ba71/ruff-0.15.22-py3-none-win32.whl", hash = "sha256:e5ba0e4a13fd14abbed2a77b517a3911290c6c6c59ef67784328d1668fab76cf", size = 10789165, upload-time = "2026-07-16T15:14:04.16Z" },
    { url = "https://files.pythonhosted.org/packages/cb/46/4965251734c2b6fcdca1b1b187d20bcac3af0ee5b083b89c910bb961ce3a/ruff-0.15.22-py3-none-win_amd64.whl", hash = "sha256:9be63ba1eb936acd2d1342fb8337c356353706fce233b2a15a09a97037e6acde", size = 11938297, upload-time = "2026-07-16T15:14:07.316Z" },
    { url = "https://files.pythonhosted.org/packages/57/c9/e69b1ff4c8b69093ef08b8919ab767af0569666865b39c30a8795d88d3c6/ruff-0.15.22-py3-none-win_arm64.whl", hash = "sha256:e1168075b72158510839f250027659cdd78476f40507dd517892304c41318661", size = 11298172, upload-time = "2026-07-16T15:14:10.51Z" },
]

[[package]]
name = "rundeck-exporter"
version = "4.1.0"
source = { editable = "." }
dependencies = [
    { name = "cachetools" },
    { name = "httpx" },
    { name = "prometheus-client" },
]

[package.dev-dependencies]
dev = [
    { name = "pyright" },
    { name = "pytest" },
    { name = "pytest-env" },
    { name = "ruff" },
    { name = "types-cachetools" },
]

[package.metadata]
requires-dist = [
    { name = "cachetools", specifier = ">=5.5.0,<6" },
    { name = "httpx", specifier = ">=0.28.0" },
    { name = "prometheus-client", specifier = ">=0.21.1,<1" },
]

[package.metadata.requires-dev]
dev = [
    { name = "pyright", specifier = ">=1.1.408" },
    { name = "pytest", specifier = ">=8.4.1" },
    { name = "pytest-env", specifier = ">=1.1.5" },
    { name = "ruff", specifier = ">=0.12.10" },
    { name = "types-cachetools", specifier = ">=5.5.0,<6" },
]

[[package]]
name = "types-cachetools"
version = "5.5.0.20240820"
source = { registry = "https://pypi.org/simple" }
sdist = { url = "https://files.pythonhosted.org/packages/c2/7e/ad6ba4a56b2a994e0f0a04a61a50466b60ee88a13d10a18c83ac14a66c61/types-cachetools-5.5.0.20240820.tar.gz", hash = "sha256:b888ab5c1a48116f7799cd5004b18474cd82b5463acb5ffb2db2fc9c7b053bc0", size = 4198, upload-time = "2024-08-20T02:30:07.525Z" }
wheels = [
    { url = "https://files.pythonhosted.org/packages/27/4d/fd7cc050e2d236d5570c4d92531c0396573a1e14b31735870e849351c717/types_cachetools-5.5.0.20240820-py3-none-any.whl", hash = "sha256:efb2ed8bf27a4b9d3ed70d33849f536362603a90b8090a328acf0cd42fda82e2", size = 4149, upload-time = "2024-08-20T02:30:06.461Z" },
]

[[package]]
name = "typing-extensions"
version = "4.16.0"
source = { registry = "https://pypi.org/simple" }
sdist = { url = "https://files.pythonhosted.org/packages/f6/cc/6253133b5bb138fc3306cebfbda2c520f545d36b5be2c7255cc528bb45d6/typing_extensions-4.16.0.tar.gz", hash = "sha256:dc983d19a509c94dba722ee6abd33940f7c05a89e243c47e907eb4db6f1a43e5", size = 113555, upload-time = "2026-07-02T08:40:05.92Z" }
wheels = [
    { url = "https://files.pythonhosted.org/packages/49/d3/b8441a820a491ddfc024b0b0cf0393375b75ea13866d9c66727e54c2fc80/typing_extensions-4.16.0-py3-none-any.whl", hash = "sha256:481caa481374e813c1b176ada14e97f1f67a4539ce9cfeb3f350d78d6370c2e8", size = 45571, upload-time = "2026-07-02T08:40:04.659Z" },
]
